// !$*UTF8*$!
{
	archiveVersion = 1;
	classes = {
	};
	objectVersion = 46;
	objects = {

/* Begin PBXBuildFile section */
		9BC470B219357FC9009502F3 /* Foundation.framework in Frameworks */ = {isa = PBXBuildFile; fileRef = 9BC470B119357FC9009502F3 /* Foundation.framework */; };
		9BC470B419357FC9009502F3 /* CoreGraphics.framework in Frameworks */ = {isa = PBXBuildFile; fileRef = 9BC470B319357FC9009502F3 /* CoreGraphics.framework */; };
		9BC470B619357FC9009502F3 /* UIKit.framework in Frameworks */ = {isa = PBXBuildFile; fileRef = 9BC470B519357FC9009502F3 /* UIKit.framework */; };
		9BC470BC19357FC9009502F3 /* InfoPlist.strings in Resources */ = {isa = PBXBuildFile; fileRef = 9BC470BA19357FC9009502F3 /* InfoPlist.strings */; };
		9BC470BE19357FC9009502F3 /* main.m in Sources */ = {isa = PBXBuildFile; fileRef = 9BC470BD19357FC9009502F3 /* main.m */; };
		9BC470C219357FC9009502F3 /* AppDelegate.m in Sources */ = {isa = PBXBuildFile; fileRef = 9BC470C119357FC9009502F3 /* AppDelegate.m */; };
		9BC470C519357FC9009502F3 /* Main.storyboard in Resources */ = {isa = PBXBuildFile; fileRef = 9BC470C319357FC9009502F3 /* Main.storyboard */; };
		9BC470C819357FC9009502F3 /* ViewController.m in Sources */ = {isa = PBXBuildFile; fileRef = 9BC470C719357FC9009502F3 /* ViewController.m */; };
		9BC470CA19357FC9009502F3 /* Images.xcassets in Resources */ = {isa = PBXBuildFile; fileRef = 9BC470C919357FC9009502F3 /* Images.xcassets */; };
		9BC470D119357FC9009502F3 /* XCTest.framework in Frameworks */ = {isa = PBXBuildFile; fileRef = 9BC470D019357FC9009502F3 /* XCTest.framework */; };
		9BC470D219357FC9009502F3 /* Foundation.framework in Frameworks */ = {isa = PBXBuildFile; fileRef = 9BC470B119357FC9009502F3 /* Foundation.framework */; };
		9BC470D319357FC9009502F3 /* UIKit.framework in Frameworks */ = {isa = PBXBuildFile; fileRef = 9BC470B519357FC9009502F3 /* UIKit.framework */; };
		9BC470DB19357FC9009502F3 /* InfoPlist.strings in Resources */ = {isa = PBXBuildFile; fileRef = 9BC470D919357FC9009502F3 /* InfoPlist.strings */; };
		9BC470DD19357FC9009502F3 /* functionsTests.m in Sources */ = {isa = PBXBuildFile; fileRef = 9BC470DC19357FC9009502F3 /* functionsTests.m */; };
		EB0DBE2C1935840800018C6B /* background2@2x.jpg in Resources */ = {isa = PBXBuildFile; fileRef = EB0DBE2B1935840800018C6B /* background2@2x.jpg */; };
		EB0DBE2E1935926700018C6B /* iAd.framework in Frameworks */ = {isa = PBXBuildFile; fileRef = EB0DBE2D1935926700018C6B /* iAd.framework */; };
/* End PBXBuildFile section */

/* Begin PBXContainerItemProxy section */
		9BC470D419357FC9009502F3 /* PBXContainerItemProxy */ = {
			isa = PBXContainerItemProxy;
			containerPortal = 9BC470A619357FC9009502F3 /* Project object */;
			proxyType = 1;
			remoteGlobalIDString = 9BC470AD19357FC9009502F3;
			remoteInfo = functions;
		};
/* End PBXContainerItemProxy section */

/* Begin PBXFileReference section */
		9BC470AE19357FC9009502F3 /* functions.app */ = {isa = PBXFileReference; explicitFileType = wrapper.application; includeInIndex = 0; path = functions.app; sourceTree = BUILT_PRODUCTS_DIR; };
		9BC470B119357FC9009502F3 /* Foundation.framework */ = {isa = PBXFileReference; lastKnownFileType = wrapper.framework; name = Foundation.framework; path = System/Library/Frameworks/Foundation.framework; sourceTree = SDKROOT; };
		9BC470B319357FC9009502F3 /* CoreGraphics.framework */ = {isa = PBXFileReference; lastKnownFileType = wrapper.framework; name = CoreGraphics.framework; path = System/Library/Frameworks/CoreGraphics.framework; sourceTree = SDKROOT; };
		9BC470B519357FC9009502F3 /* UIKit.framework */ = {isa = PBXFileReference; lastKnownFileType = wrapper.framework; name = UIKit.framework; path = System/Library/Frameworks/UIKit.framework; sourceTree = SDKROOT; };
		9BC470B919357FC9009502F3 /* functions-Info.plist */ = {isa = PBXFileReference; lastKnownFileType = text.plist.xml; path = "functions-Info.plist"; sourceTree = "<group>"; };
		9BC470BB19357FC9009502F3 /* en */ = {isa = PBXFileReference; lastKnownFileType = text.plist.strings; name = en; path = en.lproj/InfoPlist.strings; sourceTree = "<group>"; };
		9BC470BD19357FC9009502F3 /* main.m */ = {isa = PBXFileReference; lastKnownFileType = sourcecode.c.objc; path = main.m; sourceTree = "<group>"; };
		9BC470BF19357FC9009502F3 /* functions-Prefix.pch */ = {isa = PBXFileReference; lastKnownFileType = sourcecode.c.h; path = "functions-Prefix.pch"; sourceTree = "<group>"; };
		9BC470C019357FC9009502F3 /* AppDelegate.h */ = {isa = PBXFileReference; lastKnownFileType = sourcecode.c.h; path = AppDelegate.h; sourceTree = "<group>"; };
		9BC470C119357FC9009502F3 /* AppDelegate.m */ = {isa = PBXFileReference; lastKnownFileType = sourcecode.c.objc; path = AppDelegate.m; sourceTree = "<group>"; };
		9BC470C419357FC9009502F3 /* Base */ = {isa = PBXFileReference; lastKnownFileType = file.storyboard; name = Base; path = Base.lproj/Main.storyboard; sourceTree = "<group>"; };
		9BC470C619357FC9009502F3 /* ViewController.h */ = {isa = PBXFileReference; lastKnownFileType = sourcecode.c.h; path = ViewController.h; sourceTree = "<group>"; };
		9BC470C719357FC9009502F3 /* ViewController.m */ = {isa = PBXFileReference; lastKnownFileType = sourcecode.c.objc; path = ViewController.m; sourceTree = "<group>"; };
		9BC470C919357FC9009502F3 /* Images.xcassets */ = {isa = PBXFileReference; lastKnownFileType = folder.assetcatalog; path = Images.xcassets; sourceTree = "<group>"; };
		9BC470CF19357FC9009502F3 /* functionsTests.xctest */ = {isa = PBXFileReference; explicitFileType = wrapper.cfbundle; includeInIndex = 0; path = functionsTests.xctest; sourceTree = BUILT_PRODUCTS_DIR; };
		9BC470D019357FC9009502F3 /* XCTest.framework */ = {isa = PBXFileReference; lastKnownFileType = wrapper.framework; name = XCTest.framework; path = Library/Frameworks/XCTest.framework; sourceTree = DEVELOPER_DIR; };
		9BC470D819357FC9009502F3 /* functionsTests-Info.plist */ = {isa = PBXFileReference; lastKnownFileType = text.plist.xml; path = "functionsTests-Info.plist"; sourceTree = "<group>"; };
		9BC470DA19357FC9009502F3 /* en */ = {isa = PBXFileReference; lastKnownFileType = text.plist.strings; name = en; path = en.lproj/InfoPlist.strings; sourceTree = "<group>"; };
		9BC470DC19357FC9009502F3 /* functionsTests.m */ = {isa = PBXFileReference; lastKnownFileType = sourcecode.c.objc; path = functionsTests.m; sourceTree = "<group>"; };
		EB0DBE2B1935840800018C6B /* background2@2x.jpg */ = {isa = PBXFileReference; lastKnownFileType = image.jpeg; path = "background2@2x.jpg"; sourceTree = "<group>"; };
		EB0DBE2D1935926700018C6B /* iAd.framework */ = {isa = PBXFileReference; lastKnownFileType = wrapper.framework; name = iAd.framework; path = System/Library/Frameworks/iAd.framework; sourceTree = SDKROOT; };
/* End PBXFileReference section */

/* Begin PBXFrameworksBuildPhase section */
		9BC470AB19357FC9009502F3 /* Frameworks */ = {
			isa = PBXFrameworksBuildPhase;
			buildActionMask = 2147483647;
			files = (
				EB0DBE2E1935926700018C6B /* iAd.framework in Frameworks */,
				9BC470B419357FC9009502F3 /* CoreGraphics.framework in Frameworks */,
				9BC470B619357FC9009502F3 /* UIKit.framework in Frameworks */,
				9BC470B219357FC9009502F3 /* Foundation.framework in Frameworks */,
			);
			runOnlyForDeploymentPostprocessing = 0;
		};
		9BC470CC19357FC9009502F3 /* Frameworks */ = {
			isa = PBXFrameworksBuildPhase;
			buildActionMask = 2147483647;
			files = (
				9BC470D119357FC9009502F3 /* XCTest.framework in Frameworks */,
				9BC470D319357FC9009502F3 /* UIKit.framework in Frameworks */,
				9BC470D219357FC9009502F3 /* Foundation.framework in Frameworks */,
			);
			runOnlyForDeploymentPostprocessing = 0;
		};
/* End PBXFrameworksBuildPhase section */

/* Begin PBXGroup section */
		9BC470A519357FC9009502F3 = {
			isa = PBXGroup;
			children = (
				9BC470B719357FC9009502F3 /* functions */,
				9BC470D619357FC9009502F3 /* functionsTests */,
				9BC470B019357FC9009502F3 /* Frameworks */,
				9BC470AF19357FC9009502F3 /* Products */,
			);
			sourceTree = "<group>";
		};
		9BC470AF19357FC9009502F3 /* Products */ = {
			isa = PBXGroup;
			children = (
				9BC470AE19357FC9009502F3 /* functions.app */,
				9BC470CF19357FC9009502F3 /* functionsTests.xctest */,
			);
			name = Products;
			sourceTree = "<group>";
		};
		9BC470B019357FC9009502F3 /* Frameworks */ = {
			isa = PBXGroup;
			children = (
				EB0DBE2D1935926700018C6B /* iAd.framework */,
				9BC470B119357FC9009502F3 /* Foundation.framework */,
				9BC470B319357FC9009502F3 /* CoreGraphics.framework */,
				9BC470B519357FC9009502F3 /* UIKit.framework */,
				9BC470D019357FC9009502F3 /* XCTest.framework */,
			);
			name = Frameworks;
			sourceTree = "<group>";
		};
		9BC470B719357FC9009502F3 /* functions */ = {
			isa = PBXGroup;
			children = (
				EB0DBE2B1935840800018C6B /* background2@2x.jpg */,
				9BC470C019357FC9009502F3 /* AppDelegate.h */,
				9BC470C119357FC9009502F3 /* AppDelegate.m */,
				9BC470C319357FC9009502F3 /* Main.storyboard */,
				9BC470C619357FC9009502F3 /* ViewController.h */,
				9BC470C719357FC9009502F3 /* ViewController.m */,
				9BC470C919357FC9009502F3 /* Images.xcassets */,
				9BC470B819357FC9009502F3 /* Supporting Files */,
			);
			path = functions;
			sourceTree = "<group>";
		};
		9BC470B819357FC9009502F3 /* Supporting Files */ = {
			isa = PBXGroup;
			children = (
				9BC470B919357FC9009502F3 /* functions-Info.plist */,
				9BC470BA19357FC9009502F3 /* InfoPlist.strings */,
				9BC470BD19357FC9009502F3 /* main.m */,
				9BC470BF19357FC9009502F3 /* functions-Prefix.pch */,
			);
			name = "Supporting Files";
			sourceTree = "<group>";
		};
		9BC470D619357FC9009502F3 /* functionsTests */ = {
			isa = PBXGroup;
			children = (
				9BC470DC19357FC9009502F3 /* functionsTests.m */,
				9BC470D719357FC9009502F3 /* Supporting Files */,
			);
			path = functionsTests;
			sourceTree = "<group>";
		};
		9BC470D719357FC9009502F3 /* Supporting Files */ = {
			isa = PBXGroup;
			children = (
				9BC470D819357FC9009502F3 /* functionsTests-Info.plist */,
				9BC470D919357FC9009502F3 /* InfoPlist.strings */,
			);
			name = "Supporting Files";
			sourceTree = "<group>";
		};
/* End PBXGroup section */

/* Begin PBXNativeTarget section */
		9BC470AD19357FC9009502F3 /* functions */ = {
			isa = PBXNativeTarget;
			buildConfigurationList = 9BC470E019357FC9009502F3 /* Build configuration list for PBXNativeTarget "functions" */;
			buildPhases = (
				9BC470AA19357FC9009502F3 /* Sources */,
				9BC470AB19357FC9009502F3 /* Frameworks */,
				9BC470AC19357FC9009502F3 /* Resources */,
			);
			buildRules = (
			);
			dependencies = (
			);
			name = functions;
			productName = functions;
			productReference = 9BC470AE19357FC9009502F3 /* functions.app */;
			productType = "com.apple.product-type.application";
		};
		9BC470CE19357FC9009502F3 /* functionsTests */ = {
			isa = PBXNativeTarget;
			buildConfigurationList = 9BC470E319357FC9009502F3 /* Build configuration list for PBXNativeTarget "functionsTests" */;
			buildPhases = (
				9BC470CB19357FC9009502F3 /* Sources */,
				9BC470CC19357FC9009502F3 /* Frameworks */,
				9BC470CD19357FC9009502F3 /* Resources */,
			);
			buildRules = (
			);
			dependencies = (
				9BC470D519357FC9009502F3 /* PBXTargetDependency */,
			);
			name = functionsTests;
			productName = functionsTests;
			productReference = 9BC470CF19357FC9009502F3 /* functionsTests.xctest */;
			productType = "com.apple.product-type.bundle.unit-test";
		};
/* End PBXNativeTarget section */

/* Begin PBXProject section */
		9BC470A619357FC9009502F3 /* Project object */ = {
			isa = PBXProject;
			attributes = {
				LastUpgradeCheck = 0510;
				ORGANIZATIONNAME = "ABC Adult School";
				TargetAttributes = {
					9BC470CE19357FC9009502F3 = {
						TestTargetID = 9BC470AD19357FC9009502F3;
					};
				};
			};
			buildConfigurationList = 9BC470A919357FC9009502F3 /* Build configuration list for PBXProject "functions" */;
			compatibilityVersion = "Xcode 3.2";
			developmentRegion = English;
			hasScannedForEncodings = 0;
			knownRegions = (
				en,
				Base,
			);
			mainGroup = 9BC470A519357FC9009502F3;
			productRefGroup = 9BC470AF19357FC9009502F3 /* Products */;
			projectDirPath = "";
			projectRoot = "";
			targets = (
				9BC470AD19357FC9009502F3 /* functions */,
				9BC470CE19357FC9009502F3 /* functionsTests */,
			);
		};
/* End PBXProject section */

/* Begin PBXResourcesBuildPhase section */
		9BC470AC19357FC9009502F3 /* Resources */ = {
			isa = PBXResourcesBuildPhase;
			buildActionMask = 2147483647;
			files = (
				EB0DBE2C1935840800018C6B /* background2@2x.jpg in Resources */,
				9BC470CA19357FC9009502F3 /* Images.xcassets in Resources */,
				9BC470BC19357FC9009502F3 /* InfoPlist.strings in Resources */,
				9BC470C519357FC9009502F3 /* Main.storyboard in Resources */,
			);
			runOnlyForDeploymentPostprocessing = 0;
		};
		9BC470CD19357FC9009502F3 /* Resources */ = {
			isa = PBXResourcesBuildPhase;
			buildActionMask = 2147483647;
			files = (
				9BC470DB19357FC9009502F3 /* InfoPlist.strings in Resources */,
			);
			runOnlyForDeploymentPostprocessing = 0;
		};
/* End PBXResourcesBuildPhase section */

/* Begin PBXSourcesBuildPhase section */
		9BC470AA19357FC9009502F3 /* Sources */ = {
			isa = PBXSourcesBuildPhase;
			buildActionMask = 2147483647;
			files = (
				9BC470C819357FC9009502F3 /* ViewController.m in Sources */,
				9BC470C219357FC9009502F3 /* AppDelegate.m in Sources */,
				9BC470BE19357FC9009502F3 /* main.m in Sources */,
			);
			runOnlyForDeploymentPostprocessing = 0;
		};
		9BC470CB19357FC9009502F3 /* Sources */ = {
			isa = PBXSourcesBuildPhase;
			buildActionMask = 2147483647;
			files = (
				9BC470DD19357FC9009502F3 /* functionsTests.m in Sources */,
			);
			runOnlyForDeploymentPostprocessing = 0;
		};
/* End PBXSourcesBuildPhase section */

/* Begin PBXTargetDependency section */
		9BC470D519357FC9009502F3 /* PBXTargetDependency */ = {
			isa = PBXTargetDependency;
			target = 9BC470AD19357FC9009502F3 /* functions */;
			targetProxy = 9BC470D419357FC9009502F3 /* PBXContainerItemProxy */;
		};
/* End PBXTargetDependency section */

/* Begin PBXVariantGroup section */
		9BC470BA19357FC9009502F3 /* InfoPlist.strings */ = {
			isa = PBXVariantGroup;
			children = (
				9BC470BB19357FC9009502F3 /* en */,
			);
			name = InfoPlist.strings;
			sourceTree = "<group>";
		};
		9BC470C319357FC9009502F3 /* Main.storyboard */ = {
			isa = PBXVariantGroup;
			children = (
				9BC470C419357FC9009502F3 /* Base */,
			);
			name = Main.storyboard;
			sourceTree = "<group>";
		};
		9BC470D919357FC9009502F3 /* InfoPlist.strings */ = {
			isa = PBXVariantGroup;
			children = (
				9BC470DA19357FC9009502F3 /* en */,
			);
			name = InfoPlist.strings;
			sourceTree = "<group>";
		};
/* End PBXVariantGroup section */

/* Begin XCBuildConfiguration section */
		9BC470DE19357FC9009502F3 /* Debug */ = {
			isa = XCBuildConfiguration;
			buildSettings = {
				ALWAYS_SEARCH_USER_PATHS = NO;
				CLANG_CXX_LANGUAGE_STANDARD = "gnu++0x";
				CLANG_CXX_LIBRARY = "libc++";
				CLANG_ENABLE_MODULES = YES;
				CLANG_ENABLE_OBJC_ARC = YES;
				CLANG_WARN_BOOL_CONVERSION = YES;
				CLANG_WARN_CONSTANT_CONVERSION = YES;
				CLANG_WARN_DIRECT_OBJC_ISA_USAGE = YES_ERROR;
				CLANG_WARN_EMPTY_BODY = YES;
				CLANG_WARN_ENUM_CONVERSION = YES;
				CLANG_WARN_INT_CONVERSION = YES;
				CLANG_WARN_OBJC_ROOT_CLASS = YES_ERROR;
				CLANG_WARN__DUPLICATE_METHOD_MATCH = YES;
				"CODE_SIGN_IDENTITY[sdk=iphoneos*]" = "iPhone Developer";
				COPY_PHASE_STRIP = NO;
				GCC_C_LANGUAGE_STANDARD = gnu99;
				GCC_DYNAMIC_NO_PIC = NO;
				GCC_OPTIMIZATION_LEVEL = 0;
				GCC_PREPROCESSOR_DEFINITIONS = (
					"DEBUG=1",
					"$(inherited)",
				);
				GCC_SYMBOLS_PRIVATE_EXTERN = NO;
				GCC_WARN_64_TO_32_BIT_CONVERSION = YES;
				GCC_WARN_ABOUT_RETURN_TYPE = YES_ERROR;
				GCC_WARN_UNDECLARED_SELECTOR = YES;
				GCC_WARN_UNINITIALIZED_AUTOS = YES_AGGRESSIVE;
				GCC_WARN_UNUSED_FUNCTION = YES;
				GCC_WARN_UNUSED_VARIABLE = YES;
				IPHONEOS_DEPLOYMENT_TARGET = 7.1;
				ONLY_ACTIVE_ARCH = YES;
				SDKROOT = iphoneos;
			};
			name = Debug;
		};
		9BC470DF19357FC9009502F3 /* Release */ = {
			isa = XCBuildConfiguration;
			buildSettings = {
				ALWAYS_SEARCH_USER_PATHS = NO;
				CLANG_CXX_LANGUAGE_STANDARD = "gnu++0x";
				CLANG_CXX_LIBRARY = "libc++";
				CLANG_ENABLE_MODULES = YES;
				CLANG_ENABLE_OBJC_ARC = YES;
				CLANG_WARN_BOOL_CONVERSION = YES;
				CLANG_WARN_CONSTANT_CONVERSION = YES;
				CLANG_WARN_DIRECT_OBJC_ISA_USAGE = YES_ERROR;
				CLANG_WARN_EMPTY_BODY = YES;
				CLANG_WARN_ENUM_CONVERSION = YES;
				CLANG_WARN_INT_CONVERSION = YES;
				CLANG_WARN_OBJC_ROOT_CLASS = YES_ERROR;
				CLANG_WARN__DUPLICATE_METHOD_MATCH = YES;
				"CODE_SIGN_IDENTITY[sdk=iphoneos*]" = "iPhone Developer";
				COPY_PHASE_STRIP = YES;
				ENABLE_NS_ASSERTIONS = NO;
				GCC_C_LANGUAGE_STANDARD = gnu99;
				GCC_WARN_64_TO_32_BIT_CONVERSION = YES;
				GCC_WARN_ABOUT_RETURN_TYPE = YES_ERROR;
				GCC_WARN_UNDECLARED_SELECTOR = YES;
				GCC_WARN_UNINITIALIZED_AUTOS = YES_AGGRESSIVE;
				GCC_WARN_UNUSED_FUNCTION = YES;
				GCC_WARN_UNUSED_VARIABLE = YES;
				IPHONEOS_DEPLOYMENT_TARGET = 7.1;
				SDKROOT = iphoneos;
				VALIDATE_PRODUCT = YES;
			};
			name = Release;
		};
		9BC470E119357FC9009502F3 /* Debug */ = {
			isa = XCBuildConfiguration;
			buildSettings = {
				ASSETCATALOG_COMPILER_APPICON_NAME = AppIcon;
				ASSETCATALOG_COMPILER_LAUNCHIMAGE_NAME = LaunchImage;
				GCC_PRECOMPILE_PREFIX_HEADER = YES;
				GCC_PREFIX_HEADER = "functions/functions-Prefix.pch";
				INFOPLIST_FILE = "functions/functions-Info.plist";
				PRODUCT_NAME = "$(TARGET_NAME)";
				WRAPPER_EXTENSION = app;
			};
			name = Debug;
		};
		9BC470E219357FC9009502F3 /* Release */ = {
			isa = XCBuildConfiguration;
			buildSettings = {
				ASSETCATALOG_COMPILER_APPICON_NAME = AppIcon;
				ASSETCATALOG_COMPILER_LAUNCHIMAGE_NAME = LaunchImage;
				GCC_PRECOMPILE_PREFIX_HEADER = YES;
				GCC_PREFIX_HEADER = "functions/functions-Prefix.pch";
				INFOPLIST_FILE = "functions/functions-Info.plist";
				PRODUCT_NAME = "$(TARGET_NAME)";
				WRAPPER_EXTENSION = app;
			};
			name = Release;
		};
		9BC470E419357FC9009502F3 /* Debug */ = {
			isa = XCBuildConfiguration;
			buildSettings = {
				BUNDLE_LOADER = "$(BUILT_PRODUCTS_DIR)/functions.app/functions";
				FRAMEWORK_SEARCH_PATHS = (
					"$(SDKROOT)/Developer/Library/Frameworks",
					"$(inherited)",
					"$(DEVELOPER_FRAMEWORKS_DIR)",
				);
				GCC_PRECOMPILE_PREFIX_HEADER = YES;
				GCC_PREFIX_HEADER = "functions/functions-Prefix.pch";
				GCC_PREPROCESSOR_DEFINITIONS = (
					"DEBUG=1",
					"$(inherited)",
				);
				INFOPLIST_FILE = "functionsTests/functionsTests-Info.plist";
				PRODUCT_NAME = "$(TARGET_NAME)";
				TEST_HOST = "$(BUNDLE_LOADER)";
				WRAPPER_EXTENSION = xctest;
			};
			name = Debug;
		};
		9BC470E519357FC9009502F3 /* Release */ = {
			isa = XCBuildConfiguration;
			buildSettings = {
				BUNDLE_LOADER = "$(BUILT_PRODUCTS_DIR)/functions.app/functions";
				FRAMEWORK_SEARCH_PATHS = (
					"$(SDKROOT)/Developer/Library/Frameworks",
					"$(inherited)",
					"$(DEVELOPER_FRAMEWORKS_DIR)",
				);
				GCC_PRECOMPILE_PREFIX_HEADER = YES;
				GCC_PREFIX_HEADER = "functions/functions-Prefix.pch";
				INFOPLIST_FILE = "functionsTests/functionsTests-Info.plist";
				PRODUCT_NAME = "$(TARGET_NAME)";
				TEST_HOST = "$(BUNDLE_LOADER)";
				WRAPPER_EXTENSION = xctest;
			};
			name = Release;
		};
/* End XCBuildConfiguration section */

/* Begin XCConfigurationList section */
		9BC470A919357FC9009502F3 /* Build configuration list for PBXProject "functions" */ = {
			isa = XCConfigurationList;
			buildConfigurations = (
				9BC470DE19357FC9009502F3 /* Debug */,
				9BC470DF19357FC9009502F3 /* Release */,
			);
			defaultConfigurationIsVisible = 0;
			defaultConfigurationName = Release;
		};
		9BC470E019357FC9009502F3 /* Build configuration list for PBXNativeTarget "functions" */ = {
			isa = XCConfigurationList;
			buildConfigurations = (
				9BC470E119357FC9009502F3 /* Debug */,
				9BC470E219357FC9009502F3 /* Release */,
			);
			defaultConfigurationIsVisible = 0;
			defaultConfigurationName = Release;
		};
		9BC470E319357FC9009502F3 /* Build configuration list for PBXNativeTarget "functionsTests" */ = {
			isa = XCConfigurationList;
			buildConfigurations = (
				9BC470E419357FC9009502F3 /* Debug */,
				9BC470E519357FC9009502F3 /* Release */,
			);
			defaultConfigurationIsVisible = 0;
			defaultConfigurationName = Release;
		};
/* End XCConfigurationList section */
	};
	rootObject = 9BC470A619357FC9009502F3 /* Project object */;
}
